
Microsoft Visual Studio Solution File, Format Version 12.00
# Visual Studio Version 17
VisualStudioVersion = 17.0.32112.339
MinimumVisualStudioVersion = 10.0.40219.1
Project("{9A19103F-16F7-4668-BE54-9A1E7A4F7556}") = "TripleG.Server", "TripleG\Server\TripleG.Server.csproj", "{BCEFE6CF-8EE3-4436-A144-3784A8723046}"
EndProject
Project("{9A19103F-16F7-4668-BE54-9A1E7A4F7556}") = "TripleG.Client", "TripleG\Client\TripleG.Client.csproj", "{3E826FBE-E905-409B-858F-321BBB428FF4}"
EndProject
Project("{9A19103F-16F7-4668-BE54-9A1E7A4F7556}") = "TripleG.Shared", "TripleG\Shared\TripleG.Shared.csproj", "{5F628A4E-975A-4494-9FCB-F781C77E3301}"
EndProject
Global
	GlobalSection(SolutionConfigurationPlatforms) = preSolution
		Debug|Any CPU = Debug|Any CPU
		Release|Any CPU = Release|Any CPU
	EndGlobalSection
	GlobalSection(ProjectConfigurationPlatforms) = postSolution
		{BCEFE6CF-8EE3-4436-A144-3784A8723046}.Debug|Any CPU.ActiveCfg = Debug|Any CPU
		{BCEFE6CF-8EE3-4436-A144-3784A8723046}.Debug|Any CPU.Build.0 = Debug|Any CPU
		{BCEFE6CF-8EE3-4436-A144-3784A8723046}.Release|Any CPU.ActiveCfg = Release|Any CPU
		{BCEFE6CF-8EE3-4436-A144-3784A8723046}.Release|Any CPU.Build.0 = Release|Any CPU
		{3E826FBE-E905-409B-858F-321BBB428FF4}.Debug|Any CPU.ActiveCfg = Debug|Any CPU
		{3E826FBE-E905-409B-858F-321BBB428FF4}.Debug|Any CPU.Build.0 = Debug|Any CPU
		{3E826FBE-E905-409B-858F-321BBB428FF4}.Release|Any CPU.ActiveCfg = Release|Any CPU
		{3E826FBE-E905-409B-858F-321BBB428FF4}.Release|Any CPU.Build.0 = Release|Any CPU
		{5F628A4E-975A-4494-9FCB-F781C77E3301}.Debug|Any CPU.ActiveCfg = Debug|Any CPU
		{5F628A4E-975A-4494-9FCB-F781C77E3301}.Debug|Any CPU.Build.0 = Debug|Any CPU
		{5F628A4E-975A-4494-9FCB-F781C77E3301}.Release|Any CPU.ActiveCfg = Release|Any CPU
		{5F628A4E-975A-4494-9FCB-F781C77E3301}.Release|Any CPU.Build.0 = Release|Any CPU
	EndGlobalSection
	GlobalSection(SolutionProperties) = preSolution
		HideSolutionNode = FALSE
	EndGlobalSection
	GlobalSection(ExtensibilityGlobals) = postSolution
		SolutionGuid = {61993973-6154-4E23-BB5E-BE2E843818F8}
	EndGlobalSection
EndGlobal
